
Microsoft Visual Studio Solution File, Format Version 12.00
# Visual Studio Version 17
VisualStudioVersion = 17.5.002.0
MinimumVisualStudioVersion = 10.0.40219.1
Project("{9A19103F-16F7-4668-BE54-9A1E7A4F7556}") = "ProductsApiClient", "ProductsApiClient\ProductsApiClient.csproj", "{0D7208DF-8746-4C5C-A813-1AD4EC05B676}"
EndProject
Global
	GlobalSection(SolutionConfigurationPlatforms) = preSolution
		Debug|Any CPU = Debug|Any CPU
		Release|Any CPU = Release|Any CPU
	EndGlobalSection
	GlobalSection(ProjectConfigurationPlatforms) = postSolution
		{0D7208DF-8746-4C5C-A813-1AD4EC05B676}.Debug|Any CPU.ActiveCfg = Debug|Any CPU
		{0D7208DF-8746-4C5C-A813-1AD4EC05B676}.Debug|Any CPU.Build.0 = Debug|Any CPU
		{0D7208DF-8746-4C5C-A813-1AD4EC05B676}.Release|Any CPU.ActiveCfg = Release|Any CPU
		{0D7208DF-8746-4C5C-A813-1AD4EC05B676}.Release|Any CPU.Build.0 = Release|Any CPU
	EndGlobalSection
	GlobalSection(SolutionProperties) = preSolution
		HideSolutionNode = FALSE
	EndGlobalSection
	GlobalSection(ExtensibilityGlobals) = postSolution
		SolutionGuid = {C5A7F435-109B-4DCE-8671-AE5AE38C5082}
	EndGlobalSection
EndGlobal
